Microsoft Visual Studio Solution File, Format Version 11.00
# Visual Studio 2008

Project("{B82B0461-E166-0554-B781-50B0CC7118D8}") = "SecretProject", "Assembly-CSharp.csproj", "{12C08890-4269-DF29-6949-6BB142E978F9}"
EndProject
Global
	GlobalSection(SolutionConfigurationPlatforms) = preSolution
		Debug|Any CPU = Debug|Any CPU
		Release|Any CPU = Release|Any CPU
	EndGlobalSection
	GlobalSection(ProjectConfigurationPlatforms) = postSolution
		{12C08890-4269-DF29-6949-6BB142E978F9}.Debug|Any CPU.ActiveCfg = Debug|Any CPU
		{12C08890-4269-DF29-6949-6BB142E978F9}.Debug|Any CPU.Build.0 = Debug|Any CPU
		{12C08890-4269-DF29-6949-6BB142E978F9}.Release|Any CPU.ActiveCfg = Release|Any CPU
		{12C08890-4269-DF29-6949-6BB142E978F9}.Release|Any CPU.Build.0 = Release|Any CPU
	EndGlobalSection
	GlobalSection(SolutionProperties) = preSolution
		HideSolutionNode = FALSE
	EndGlobalSection
	GlobalSection(MonoDevelopProperties) = preSolution
		StartupItem = Assembly-CSharp.csproj
	EndGlobalSection
EndGlobal
